{
  "version": "3",
  "redirects": {
    "https://esm.sh/@supabase/supabase-js": "https://esm.sh/@supabase/supabase-js@2.39.7"
  },
  "remote": {
    "https://cdn.jsdelivr.net/npm/@supabase/functions-js@2.1.5/+esm": "107b7654c85f776378e59500820780d1c739cd072a3d6dd4aff41baf428eead2",
    "https://cdn.jsdelivr.net/npm/@supabase/gotrue-js@2.62.2/+esm": "bacd249f5a0caa2a8e4382411961f0fd436bd52184194a4edeca1fec533187d2",
    "https://cdn.jsdelivr.net/npm/@supabase/node-fetch@2.6.14/+esm": "176dc51896231b88d0b6b25696413b7c245a89bae22aa71185cfc824ae116a45",
    "https://cdn.jsdelivr.net/npm/@supabase/node-fetch@2.6.15/+esm": "e3de9f04020b7b25a573827cf34f92e298074fb99396e83e96460b317bead433",
    "https://cdn.jsdelivr.net/npm/@supabase/postgrest-js@1.9.2/+esm": "c58bb990a28250431624fd02778fdcb55ff12403f63c1affd35edc150fb16164",
    "https://cdn.jsdelivr.net/npm/@supabase/realtime-js@2.9.3/+esm": "290a68569fdd6d1d36d6bc5362d2a23cd7966967c307309118902b408d8485b3",
    "https://cdn.jsdelivr.net/npm/@supabase/storage-js@2.5.5/+esm": "9a829c1e6f1a4ff0c6af92c84f210a0cd28756aeab0555c673a601dac8f1b3e6",
    "https://cdn.jsdelivr.net/npm/@supabase/supabase-js/+esm": "cbd00b81b92371c4fc3faf9110dc89f5f7f2a9983de065b77b45a38d75fa1a33",
    "https://cdn.jsdelivr.net/npm/@supabase/supabase-js@^2.38.1": "29b5d463e40ff183dc5ae69f3ffc302c7d448297944f10e9a6dedaf1d2638018",
    "https://cdn.jsdelivr.net/npm/ws@8.16.0/+esm": "2a8900860dbac914a9a992c98244342fe71afdd54c0eb740f0a260da126d4cac",
    "https://cdn.skypack.dev/-/@huddle01/server-sdk@v2.0.4-pDvLBTmFE0JG7Gh0EUm9/dist=es2019,mode=imports/optimized/@huddle01/server-sdk/auth.js": "8560c8a1b3b9e57d5b7c91caf3b99ac702930a7f73fabc1d1ab27609164f3151",
    "https://cdn.skypack.dev/-/@huddle01/server-sdk@v2.0.4-pDvLBTmFE0JG7Gh0EUm9/dist=es2019,mode=imports/optimized/common/_zod_commonjs-external-f20c1cc3.js": "f2f719ece8ac36a90ef17b2027f582151e4210754a3b0f7cb943d20097cfe65f",
    "https://cdn.skypack.dev/-/@huddle01/server-sdk@v2.0.4-pDvLBTmFE0JG7Gh0EUm9/dist=es2019,mode=imports/optimized/common/chunk-5NLWQTRE-6b8ba43c.js": "d5955a52e156108f768976453810ae7775ad11a13595c697f336f1e6ba0be94c",
    "https://cdn.skypack.dev/-/@huddle01/server-sdk@v2.0.4-pDvLBTmFE0JG7Gh0EUm9/dist=es2019,mode=imports/optimized/common/chunk-VBXJIVYU-9ca13eb5.js": "794945643061588a9fdc195707a0b4a048a123ac7ef04f7dd262849e7e1689b3",
    "https://cdn.skypack.dev/-/@huddle01/server-sdk@v2.0.4-pDvLBTmFE0JG7Gh0EUm9/dist=es2019,mode=imports/optimized/common/chunk-YD27QE5C-d65a5ce5.js": "4a45a4fc0a1ee3ee390bad0cf8ab928bb81e8445f9a7708e06a3daa246a009d5",
    "https://cdn.skypack.dev/-/@supabase/functions-js@v2.1.5-lPWaWRRMFlP3Ggu3d27Q/dist=es2019,mode=imports/optimized/@supabase/functions-js.js": "d6bd49e77334da3234a9e32afba009762788065a31607fbfcd72365602b11922",
    "https://cdn.skypack.dev/-/@supabase/gotrue-js@v2.62.2-1NCg8CBOUuQAP9LlosOY/dist=es2019,mode=imports/optimized/@supabase/gotrue-js.js": "6c1ffe26e24d92963ab1743f7036d154ed7447938202cf0b2c26f1cd6974834f",
    "https://cdn.skypack.dev/-/@supabase/node-fetch@v2.6.14-8H6Nf6pptKdxJ7ZI4r6U/dist=es2019,mode=imports/optimized/@supabase/node-fetch.js": "79c2b4997d49a511cfc392b17a260a3fbc9cd118358434514c409f7f01cc738b",
    "https://cdn.skypack.dev/-/@supabase/node-fetch@v2.6.15-c5DrO8K0MoiPZxDi1V2L/dist=es2019,mode=imports/optimized/@supabase/node-fetch.js": "13c594130f698a0a5c59a76ceeff4c9b8749204b1c2754339a71cc1b388d6c02",
    "https://cdn.skypack.dev/-/@supabase/postgrest-js@v1.9.2-KFPkdt0uSe7mQnUrqilv/dist=es2019,mode=imports/optimized/@supabase/postgrest-js.js": "2cb729d86eff43e1625b94e756ec55b9a6b923d80f5c459dcc0ac84a311c0788",
    "https://cdn.skypack.dev/-/@supabase/realtime-js@v2.9.3-Q8DDS5mQHClcZcurjjes/dist=es2019,mode=imports/optimized/@supabase/realtime-js.js": "5c8ea125d41d0976513765152ab5a5103582c7b1659a8c906ba2c43d238c939f",
    "https://cdn.skypack.dev/-/@supabase/storage-js@v2.5.5-HMqXIkKSg1wGWsAJgUrK/dist=es2019,mode=imports/optimized/@supabase/storage-js.js": "17d0f66bd4049f13d1c04f4d66417126671bd89abc56e391513b2a9c6d90fd34",
    "https://cdn.skypack.dev/-/@supabase/supabase-js@v2.39.7-sPLBBIf6CjBgV5vFgQSs/dist=es2019,mode=imports/optimized/@supabase/supabase-js.js": "a64dbd4cd3da15133cea946034e2415aa82a84ddaa214d57422dfbd29b535eda",
    "https://cdn.skypack.dev/-/axios@v1.6.7-CtiTWk1RHZKnFCXj0sDG/dist=es2019,mode=imports/optimized/axios.js": "10da3066689bea385d2c45ae775a351d8cc445462765e0749185dd41fc649ac4",
    "https://cdn.skypack.dev/-/axios@v1.6.7-CtiTWk1RHZKnFCXj0sDG/dist=es2019,mode=imports/optimized/axios/lib/adapters/http.js": "c4c738b042d3cb04c1c809da222e07cfcfee421f949b8beac53a823659c6d0da",
    "https://cdn.skypack.dev/-/axios@v1.6.7-CtiTWk1RHZKnFCXj0sDG/dist=es2019,mode=imports/optimized/axios/unsafe/axios.js": "37b0b8f4982c6c7303706f528f7203b07cd3bd9f6cca5e57af2e0dd08c6ac23d",
    "https://cdn.skypack.dev/-/axios@v1.6.7-CtiTWk1RHZKnFCXj0sDG/dist=es2019,mode=imports/optimized/axios/unsafe/core/buildFullPath.js": "860edf269ea59de15121ca054aae0be6d323d54fabe4a6ab06b64983d8997f4b",
    "https://cdn.skypack.dev/-/axios@v1.6.7-CtiTWk1RHZKnFCXj0sDG/dist=es2019,mode=imports/optimized/axios/unsafe/core/settle.js": "56948dedb9dec15f53ecda74a428295fa0e3c8d503219a82d1a1995aa4dbcb83",
    "https://cdn.skypack.dev/-/axios@v1.6.7-CtiTWk1RHZKnFCXj0sDG/dist=es2019,mode=imports/optimized/axios/unsafe/helpers/combineURLs.js": "a9c8e23319c41428ea902926ec9e2bc2c9b1ce0ddf0689fcd8b4323d652fff5a",
    "https://cdn.skypack.dev/-/axios@v1.6.7-CtiTWk1RHZKnFCXj0sDG/dist=es2019,mode=imports/optimized/axios/unsafe/helpers/isAbsoluteURL.js": "55fe29d03f51b2afee61d15026932f0c0e6436852b638561298e4b2d5111b6a6",
    "https://cdn.skypack.dev/-/axios@v1.6.7-CtiTWk1RHZKnFCXj0sDG/dist=es2019,mode=imports/optimized/common/AxiosError-437dc488.js": "ca379986207d5b9e854277bb3558902cc8eb073806d9d5033981129890fe8d56",
    "https://cdn.skypack.dev/-/axios@v1.6.7-CtiTWk1RHZKnFCXj0sDG/dist=es2019,mode=imports/optimized/common/buildURL-15564654.js": "63feb2686c744e9d1af9510852dbb68614e7b5d5c13068c4b7c0cf7cff189ab1",
    "https://cdn.skypack.dev/-/axios@v1.6.7-CtiTWk1RHZKnFCXj0sDG/dist=es2019,mode=imports/optimized/common/utils-558ab1f5.js": "879c5989b7f449731dd955abf66e1e31ab45654251c430cb64e6409ab5417b8f",
    "https://cdn.skypack.dev/-/axios@v1.6.7-CtiTWk1RHZKnFCXj0sDG/dist=es2019,mode=imports/optimized/common/xhr-da6a0037.js": "6f1d360b8e4a3b59d4bc93ecbe3b140cc8b4c12d6461e119e30e7f46b929d86c",
    "https://cdn.skypack.dev/-/jose@v4.15.4-OF6TufYL1AgWDeUtYNEP/dist=es2019,mode=imports/optimized/jose.js": "59f6d04cb9381c553ca3e1873320afa21b2b64dcf5355b91853714b45619537c",
    "https://cdn.skypack.dev/-/ws@v8.16.0-zzUEPW2xkWTMZ5qiyASS/dist=es2019,mode=imports/optimized/ws.js": "1d28a62de8fe1860778bab1543a277d81874c9a53a84810f945a2855975b1b6d",
    "https://cdn.skypack.dev/@supabase/supabase-js": "3343966edcc1e49c62fc1d9c4349b95836056a6b60826609b91aa7090e3be4f7",
    "https://cdn.skypack.dev/@supabase/supabase-js@^2.38.1": "3343966edcc1e49c62fc1d9c4349b95836056a6b60826609b91aa7090e3be4f7",
    "https://cdn.skypack.dev/axios": "409848af6d78ec952f88337e3aeecab193fc35bfad9958e527a2d916b3f34412",
    "https://cdn.skypack.dev/error/build:zod@v3.22.4-qNroChorNMhBfqp3m0T5?from=@huddle01/server-sdk": "4c56d11ce667543b8685533fbc8567676c99f504cb0ab0ff11a78b9cee1fcdb3",
    "https://esm.sh/@supabase/supabase-js@2.39.7": "9eec5524e1e3de495b5205ecc5502b93b93dc7c633e901a7af4b5695d65abab2",
    "https://esm.sh/v135/@supabase/functions-js@2.1.5/denonext/functions-js.mjs": "739affd2df20c1affd91991c3731c2537d270b82be5cdbd926c43be40eb2fdc5",
    "https://esm.sh/v135/@supabase/gotrue-js@2.62.2/denonext/gotrue-js.mjs": "326e26884bb2e359f192078b8c602a2e0acdc754767a274fe1df844319a8d319",
    "https://esm.sh/v135/@supabase/node-fetch@2.6.14/denonext/node-fetch.mjs": "23a71af3512da67a8757ab1e2356fa22565758444ea1fc08e0de0e8d4625e8aa",
    "https://esm.sh/v135/@supabase/node-fetch@2.6.15/denonext/node-fetch.mjs": "efad00ea3d4cbe1bee688836ef75339d49a1981bc5728a13e9ad5f26791d5efb",
    "https://esm.sh/v135/@supabase/postgrest-js@1.9.2/denonext/postgrest-js.mjs": "22aacc11dbe24402a598f609b9fcaa5a252c46f135a08a0b137e0421e5fe6285",
    "https://esm.sh/v135/@supabase/realtime-js@2.9.3/denonext/realtime-js.mjs": "22f025f3a7f744aad39f538fdac296095eb8ec33974c24dc7168571493c707ec",
    "https://esm.sh/v135/@supabase/storage-js@2.5.5/denonext/storage-js.mjs": "66e29e4e55c7d396503e2d1d9376cfbc34f046b962bce4524c2d80b209fff413",
    "https://esm.sh/v135/@supabase/supabase-js@2.39.7/denonext/supabase-js.mjs": "6aebf6bce20f73458cc327912a4fc01ec6826dc75acd9071e45ea8bb107f62a8",
    "https://esm.sh/v135/bufferutil@4.0.8/denonext/bufferutil.mjs": "60a4618cbd1a5cb24935c55590b793d4ecb33862357d32e1d4614a0bbb90947f",
    "https://esm.sh/v135/node-gyp-build@4.6.1/denonext/node-gyp-build.mjs": "5d28b312f145a6cb2ec0dbdd80a7d34c0e0e6b5dcada65411d8bcff6c8991cc6",
    "https://esm.sh/v135/utf-8-validate@6.0.3/denonext/utf-8-validate.mjs": "410c48d66840e987e474a4849cd25829817415cedd25466280effb1287d05aa5",
    "https://esm.sh/v135/ws@8.16.0/denonext/ws.mjs": "0fa0c00b69577ba36d0a36001329b2cec91498cb2e33e329fc76aa6d51a0d54d"
  }
}
