{
  "name": "session-time-tracker",
  "lockfileVersion": 3,
  "requires": true,
  "packages": {
    "": {
      "name": "session-time-tracker",
      "dependencies": {
        "hono": "^4.2.2"
      }
    },
    "node_modules/hono": {
      "version": "4.2.2",
      "resolved": "https://registry.npmjs.org/hono/-/hono-4.2.2.tgz",
      "integrity": "sha512-mDmjBHF6uBNN3TASdAbDCFsN9FLbrlgXyFZkhLEkU7hUgk0+T9hcsUrL/nho4qV+Xk0RDHx7gop4Q1gelZZVRw==",
      "engines": {
        "node": ">=16.0.0"
      }
    }
  }
}
