{
  "version": "3",
  "remote": {
    "https://esm.sh/ethers@6.0.0": "6a5692696314197563479ddbb339fcb9320d950658d7354c02b49509b1cbe258",
    "https://esm.sh/v135/@adraffy/ens-normalize@1.8.9/denonext/xnf.js": "7857185e21b6a3a06db5cd42d16134a3b3da47f7c1075f0e3be6a4bac5fd5ebc",
    "https://esm.sh/v135/@noble/hashes@1.1.2/denonext/_assert.js": "5b79fe05634fc1bddb136a50dd7b74c2e7b1ee26359e3f40bb80e74aa2e552f7",
    "https://esm.sh/v135/@noble/hashes@1.1.2/denonext/_sha2.js": "3b49b42e3acdb083629a6c0609df862688aecaca32738c0b5948bf1e46393b89",
    "https://esm.sh/v135/@noble/hashes@1.1.2/denonext/crypto.js": "54993c8fd344c903a4f43afe6a06aba9d9f37ebec91012c8069301560cd399fa",
    "https://esm.sh/v135/@noble/hashes@1.1.2/denonext/hmac.js": "d10ff7fed4df81e051cb9b45cf91009ff77e4dd708222959671f76560009bce4",
    "https://esm.sh/v135/@noble/hashes@1.1.2/denonext/pbkdf2.js": "9c9781ee2050a60ffbec8f705fac503dd0a947a4166b5544f448cf172608441d",
    "https://esm.sh/v135/@noble/hashes@1.1.2/denonext/ripemd160.js": "f76e0fb2a5c4896c9dafb9dbe509817cccad995ca77d475f85178095ec0a1fcd",
    "https://esm.sh/v135/@noble/hashes@1.1.2/denonext/scrypt.js": "7026b6c201011da4098650d7a425cc5c1f8569721f293e714da3e2243701adce",
    "https://esm.sh/v135/@noble/hashes@1.1.2/denonext/sha256.js": "6c7065c817415da1b11eafb212d4ef556f9a718ff28d4a5d46ac2733a0b54f94",
    "https://esm.sh/v135/@noble/hashes@1.1.2/denonext/sha3.js": "f651c6ad364c6d90086c12314d796cbb3e05ba7825ab2b4a00bcb8643a314d5b",
    "https://esm.sh/v135/@noble/hashes@1.1.2/denonext/sha512.js": "ca0b51b4f74d098f218991f2bedeecef713798ef319bf59da5e7fd232e39f5b5",
    "https://esm.sh/v135/@noble/hashes@1.1.2/denonext/utils.js": "6ee8bafe743341503144c1ac83f0b685d908917c42c9a8eb51c0bb67a0918a8b",
    "https://esm.sh/v135/@noble/secp256k1@1.6.3/denonext/secp256k1.mjs": "a348c50647979c6183bc576c1130dc756d27b088b57d5f4c2bd742e925f5e136",
    "https://esm.sh/v135/aes-js@4.0.0-beta.3/denonext/aes-js.mjs": "786ed34fea9719fe1db0400d9dbd6d7d637e53e774ff8479cc00e54c99ddd844",
    "https://esm.sh/v135/ethers@6.0.0/denonext/abi.js": "d693104a9bfef81d03f688552e18509bd6818a1a3d3e2e05f59987a148e05a61",
    "https://esm.sh/v135/ethers@6.0.0/denonext/address.js": "5f9083c02866c9f72cb7c1d68e92b64a148ef56fedd07ba0607dbaa46f43d28d",
    "https://esm.sh/v135/ethers@6.0.0/denonext/constants.js": "5d02b7f14eb9f0c55244ee19c05c741c8cf4dcebf20590687027e34a866ec2fd",
    "https://esm.sh/v135/ethers@6.0.0/denonext/contract.js": "f50b183c59e4d02466e5a526cbd38867bb815f0dc2991f245709256e787f6137",
    "https://esm.sh/v135/ethers@6.0.0/denonext/crypto.js": "a2b342bff5f94d996a9e93182a6f86ef15d2b4ab2e6b9fe6981965697b9d100d",
    "https://esm.sh/v135/ethers@6.0.0/denonext/ethers.mjs": "795ddd1b3be4cb367c3ecc94f8142ed4d32000a4967a62e01967b72a1c3b7b68",
    "https://esm.sh/v135/ethers@6.0.0/denonext/hash.js": "316002997c6245618b16494d8c8de28ff3122aba6438b2100670bd68ae1f600d",
    "https://esm.sh/v135/ethers@6.0.0/denonext/providers.js": "f55c657ab375ce21e2c9c180078ed4ce03a4e6c7f3c64d7c8e3f82f4db2e9cbd",
    "https://esm.sh/v135/ethers@6.0.0/denonext/transaction.js": "cab4376f5f5e5ca88f7edc8546b6280c884c216513a4b794e21a5fc71d5d110e",
    "https://esm.sh/v135/ethers@6.0.0/denonext/utils.js": "487d5cf0ca7269a8962e55d815200bf8c5d016b0897077345196d3582666eea1",
    "https://esm.sh/v135/ethers@6.0.0/denonext/wallet.js": "5c65d9e6f87cc944cffe217fa4b83d41728db78d1a50050b2b2c43c731fcfc5c",
    "https://esm.sh/v135/ethers@6.0.0/denonext/wordlists.js": "9224e61301041e6b7ce9ba7a822952f0524ec50e1121e9035fbbe95fa59afb20"
  },
  "workspace": {
    "packageJson": {
      "dependencies": [
        "npm:@ethersproject/bytes@^5.7.0",
        "npm:@ethersproject/wallet@^5.7.0",
        "npm:@headlessui/react@^2.1.2",
        "npm:@heroicons/react@^2.1.4",
        "npm:@huddle01/react@^2.0.14",
        "npm:@lit-protocol/constants@6.4.2",
        "npm:@lit-protocol/contracts-sdk@^6.4.2",
        "npm:@lit-protocol/lit-auth-client@^6.4.2",
        "npm:@lit-protocol/lit-node-client@^6.4.2",
        "npm:@lit-protocol/pkp-ethers@^6.4.2",
        "npm:@lit-protocol/types@^6.4.2",
        "npm:@radix-ui/react-radio-group@^1.1.3",
        "npm:@rehooks/local-storage@^2.4.5",
        "npm:@simplewebauthn/browser@^10.0.0",
        "npm:@stytch/react@^11.0.0",
        "npm:@stytch/vanilla-js@^3.3.0",
        "npm:@supabase/supabase-js@^2.45.1",
        "npm:@tanstack/query-core@^5.48.0",
        "npm:@tanstack/react-query-devtools@^5.51.21",
        "npm:@tanstack/react-query-persist-client@^5.51.3",
        "npm:@tanstack/react-query@^5.48.0",
        "npm:@tanstack/react-router@^1.46.7",
        "npm:@types/react-dom@^18.3.0",
        "npm:@types/react@^18.3.3",
        "npm:@typescript-eslint/eslint-plugin@^7.15.0",
        "npm:@typescript-eslint/parser@^7.15.0",
        "npm:@vitejs/plugin-react@^4.3.1",
        "npm:autoprefixer@^10.4.20",
        "npm:eslint-plugin-react-hooks@^4.6.2",
        "npm:eslint-plugin-react-refresh@^0.4.7",
        "npm:eslint@^8.57.0",
        "npm:ethers@^6.13.0",
        "npm:install@^0.13.0",
        "npm:jose@^5.6.3",
        "npm:jotai@^2.9.1",
        "npm:ky@^1.3.0",
        "npm:loglevel@^1.9.1",
        "npm:postcss@^8.4.41",
        "npm:react-dom@^18.3.1",
        "npm:react@^18.3.1",
        "npm:rollup-plugin-node-polyfills@^0.2.1",
        "npm:tailwindcss@^3.4.7",
        "npm:typescript@^5.2.2",
        "npm:vite@^5.3.4"
      ]
    }
  }
}
